schema: '2.0'
stages:
  data_ingestion:
    cmd: python src/data_ingestion.py
    deps:
    - path: src/data_ingestion.py
      hash: md5
      md5: c951d63351b61c6920603c075c4664b0
      size: 3183
    params:
      params.yaml:
        data_ingestion.test_size: 0.1
    outs:
    - path: data/raw
      hash: md5
      md5: baa43b70a6a4c8dac10639c6b987a43a.dir
      size: 827973
      nfiles: 2
  data_preprocessing:
    cmd: python src/data_preprocessing.py
    deps:
    - path: data/raw
      hash: md5
      md5: baa43b70a6a4c8dac10639c6b987a43a.dir
      size: 827973
      nfiles: 2
    - path: src/data_preprocessing.py
      hash: md5
      md5: ddd47faba2c4e015500b4f171707f64c
      size: 2355
    params:
      params.yaml:
        feature_engineering.max_features: 10
    outs:
    - path: data/processed
      hash: md5
      md5: 26aa532b3a464de861ea14a0d41d4459.dir
      size: 615862
      nfiles: 2
  feature_engineering:
    cmd: python src\feature_engineering.py
    deps:
    - path: data/processed
      hash: md5
      md5: 26aa532b3a464de861ea14a0d41d4459.dir
      size: 615862
      nfiles: 2
    - path: src/feature_engineering.py
      hash: md5
      md5: 9b7a47f3396b38c577730412d20af404
      size: 1352
    outs:
    - path: data/features
      hash: md5
      md5: 707be7af443fbee8f1b6196af7047267.dir
      size: 288308
      nfiles: 2
  model_building:
    cmd: python src\model_building.py
    deps:
    - path: data/features
      hash: md5
      md5: 707be7af443fbee8f1b6196af7047267.dir
      size: 288308
      nfiles: 2
    - path: src/model_building.py
      hash: md5
      md5: b1eadab4b73514704c279d605bf9dbf7
      size: 470
    params:
      params.yaml:
        model_building.learning_rate: 0.3
        model_building.n_estimators: 110
    outs:
    - path: model.pkl
      hash: md5
      md5: 976aa19670c8412b4fabe0ec9e025fe6
      size: 71994
  model_evaluation:
    cmd: python src\model_evaluation.py
    deps:
    - path: data/features
      hash: md5
      md5: 707be7af443fbee8f1b6196af7047267.dir
      size: 288308
      nfiles: 2
    - path: model.pkl
      hash: md5
      md5: 976aa19670c8412b4fabe0ec9e025fe6
      size: 71994
    - path: src\model_evaluation.py
      hash: md5
      md5: 08b695ef34369042ef7b9deb2182713d
      size: 855
    outs:
    - path: metrics.json
      hash: md5
      md5: ac80f0d5836e7e02b809f16c91d95493
      size: 145
